
Microsoft Visual Studio Solution File, Format Version 12.00
# Visual Studio 2012
Project("{FAE04EC0-301F-11D3-BF4B-00C04F79EFBC}") = "酒店管理系统", "酒店管理系统\酒店管理系统.csproj", "{62887CC8-D9A8-4BCA-8E93-86D7DAD57F11}"
EndProject
Global
	GlobalSection(SolutionConfigurationPlatforms) = preSolution
		Debug|Any CPU = Debug|Any CPU
		Release|Any CPU = Release|Any CPU
	EndGlobalSection
	GlobalSection(ProjectConfigurationPlatforms) = postSolution
		{62887CC8-D9A8-4BCA-8E93-86D7DAD57F11}.Debug|Any CPU.ActiveCfg = Debug|Any CPU
		{62887CC8-D9A8-4BCA-8E93-86D7DAD57F11}.Debug|Any CPU.Build.0 = Debug|Any CPU
		{62887CC8-D9A8-4BCA-8E93-86D7DAD57F11}.Release|Any CPU.ActiveCfg = Release|Any CPU
		{62887CC8-D9A8-4BCA-8E93-86D7DAD57F11}.Release|Any CPU.Build.0 = Release|Any CPU
	EndGlobalSection
	GlobalSection(SolutionProperties) = preSolution
		HideSolutionNode = FALSE
	EndGlobalSection
EndGlobal
